
Microsoft Visual Studio Solution File, Format Version 12.00
# Visual Studio Version 16
VisualStudioVersion = 16.0.29613.14
MinimumVisualStudioVersion = 10.0.40219.1
Project("{FAE04EC0-301F-11D3-BF4B-00C04F79EFBC}") = "FirstXamarinFormsApp.Android", "FirstXamarinFormsApp\FirstXamarinFormsApp.Android\FirstXamarinFormsApp.Android.csproj", "{469B820F-8BAF-4E6F-A48C-385997EFDFAF}"
EndProject
Project("{FAE04EC0-301F-11D3-BF4B-00C04F79EFBC}") = "FirstXamarinFormsApp.iOS", "FirstXamarinFormsApp\FirstXamarinFormsApp.iOS\FirstXamarinFormsApp.iOS.csproj", "{FE73EB93-33E1-4E27-A871-FE3E5B07F489}"
EndProject
Project("{FAE04EC0-301F-11D3-BF4B-00C04F79EFBC}") = "FirstXamarinFormsApp", "FirstXamarinFormsApp\FirstXamarinFormsApp\FirstXamarinFormsApp.csproj", "{B84584FE-A9C8-4042-9E85-DBCFFC43995C}"
EndProject
Global
	GlobalSection(SolutionConfigurationPlatforms) = preSolution
		Debug|Any CPU = Debug|Any CPU
		Debug|iPhone = Debug|iPhone
		Debug|iPhoneSimulator = Debug|iPhoneSimulator
		Release|Any CPU = Release|Any CPU
		Release|iPhone = Release|iPhone
		Release|iPhoneSimulator = Release|iPhoneSimulator
	EndGlobalSection
	GlobalSection(ProjectConfigurationPlatforms) = postSolution
		{469B820F-8BAF-4E6F-A48C-385997EFDFAF}.Debug|Any CPU.ActiveCfg = Debug|Any CPU
		{469B820F-8BAF-4E6F-A48C-385997EFDFAF}.Debug|Any CPU.Build.0 = Debug|Any CPU
		{469B820F-8BAF-4E6F-A48C-385997EFDFAF}.Debug|Any CPU.Deploy.0 = Debug|Any CPU
		{469B820F-8BAF-4E6F-A48C-385997EFDFAF}.Debug|iPhone.ActiveCfg = Debug|Any CPU
		{469B820F-8BAF-4E6F-A48C-385997EFDFAF}.Debug|iPhone.Build.0 = Debug|Any CPU
		{469B820F-8BAF-4E6F-A48C-385997EFDFAF}.Debug|iPhone.Deploy.0 = Debug|Any CPU
		{469B820F-8BAF-4E6F-A48C-385997EFDFAF}.Debug|iPhoneSimulator.ActiveCfg = Debug|Any CPU
		{469B820F-8BAF-4E6F-A48C-385997EFDFAF}.Debug|iPhoneSimulator.Build.0 = Debug|Any CPU
		{469B820F-8BAF-4E6F-A48C-385997EFDFAF}.Debug|iPhoneSimulator.Deploy.0 = Debug|Any CPU
		{469B820F-8BAF-4E6F-A48C-385997EFDFAF}.Release|Any CPU.ActiveCfg = Release|Any CPU
		{469B820F-8BAF-4E6F-A48C-385997EFDFAF}.Release|Any CPU.Build.0 = Release|Any CPU
		{469B820F-8BAF-4E6F-A48C-385997EFDFAF}.Release|Any CPU.Deploy.0 = Release|Any CPU
		{469B820F-8BAF-4E6F-A48C-385997EFDFAF}.Release|iPhone.ActiveCfg = Release|Any CPU
		{469B820F-8BAF-4E6F-A48C-385997EFDFAF}.Release|iPhone.Build.0 = Release|Any CPU
		{469B820F-8BAF-4E6F-A48C-385997EFDFAF}.Release|iPhone.Deploy.0 = Release|Any CPU
		{469B820F-8BAF-4E6F-A48C-385997EFDFAF}.Release|iPhoneSimulator.ActiveCfg = Release|Any CPU
		{469B820F-8BAF-4E6F-A48C-385997EFDFAF}.Release|iPhoneSimulator.Build.0 = Release|Any CPU
		{469B820F-8BAF-4E6F-A48C-385997EFDFAF}.Release|iPhoneSimulator.Deploy.0 = Release|Any CPU
		{FE73EB93-33E1-4E27-A871-FE3E5B07F489}.Debug|Any CPU.ActiveCfg = Debug|iPhoneSimulator
		{FE73EB93-33E1-4E27-A871-FE3E5B07F489}.Debug|Any CPU.Build.0 = Debug|iPhoneSimulator
		{FE73EB93-33E1-4E27-A871-FE3E5B07F489}.Debug|Any CPU.Deploy.0 = Debug|iPhoneSimulator
		{FE73EB93-33E1-4E27-A871-FE3E5B07F489}.Debug|iPhone.ActiveCfg = Debug|iPhone
		{FE73EB93-33E1-4E27-A871-FE3E5B07F489}.Debug|iPhone.Build.0 = Debug|iPhone
		{FE73EB93-33E1-4E27-A871-FE3E5B07F489}.Debug|iPhone.Deploy.0 = Debug|iPhone
		{FE73EB93-33E1-4E27-A871-FE3E5B07F489}.Debug|iPhoneSimulator.ActiveCfg = Debug|iPhoneSimulator
		{FE73EB93-33E1-4E27-A871-FE3E5B07F489}.Debug|iPhoneSimulator.Build.0 = Debug|iPhoneSimulator
		{FE73EB93-33E1-4E27-A871-FE3E5B07F489}.Debug|iPhoneSimulator.Deploy.0 = Debug|iPhoneSimulator
		{FE73EB93-33E1-4E27-A871-FE3E5B07F489}.Release|Any CPU.ActiveCfg = Release|iPhone
		{FE73EB93-33E1-4E27-A871-FE3E5B07F489}.Release|Any CPU.Build.0 = Release|iPhone
		{FE73EB93-33E1-4E27-A871-FE3E5B07F489}.Release|Any CPU.Deploy.0 = Release|iPhone
		{FE73EB93-33E1-4E27-A871-FE3E5B07F489}.Release|iPhone.ActiveCfg = Release|iPhone
		{FE73EB93-33E1-4E27-A871-FE3E5B07F489}.Release|iPhone.Build.0 = Release|iPhone
		{FE73EB93-33E1-4E27-A871-FE3E5B07F489}.Release|iPhone.Deploy.0 = Release|iPhone
		{FE73EB93-33E1-4E27-A871-FE3E5B07F489}.Release|iPhoneSimulator.ActiveCfg = Release|iPhoneSimulator
		{FE73EB93-33E1-4E27-A871-FE3E5B07F489}.Release|iPhoneSimulator.Build.0 = Release|iPhoneSimulator
		{FE73EB93-33E1-4E27-A871-FE3E5B07F489}.Release|iPhoneSimulator.Deploy.0 = Release|iPhoneSimulator
		{B84584FE-A9C8-4042-9E85-DBCFFC43995C}.Debug|Any CPU.ActiveCfg = Debug|Any CPU
		{B84584FE-A9C8-4042-9E85-DBCFFC43995C}.Debug|Any CPU.Build.0 = Debug|Any CPU
		{B84584FE-A9C8-4042-9E85-DBCFFC43995C}.Debug|Any CPU.Deploy.0 = Debug|Any CPU
		{B84584FE-A9C8-4042-9E85-DBCFFC43995C}.Debug|iPhone.ActiveCfg = Debug|Any CPU
		{B84584FE-A9C8-4042-9E85-DBCFFC43995C}.Debug|iPhone.Build.0 = Debug|Any CPU
		{B84584FE-A9C8-4042-9E85-DBCFFC43995C}.Debug|iPhone.Deploy.0 = Debug|Any CPU
		{B84584FE-A9C8-4042-9E85-DBCFFC43995C}.Debug|iPhoneSimulator.ActiveCfg = Debug|Any CPU
		{B84584FE-A9C8-4042-9E85-DBCFFC43995C}.Debug|iPhoneSimulator.Build.0 = Debug|Any CPU
		{B84584FE-A9C8-4042-9E85-DBCFFC43995C}.Debug|iPhoneSimulator.Deploy.0 = Debug|Any CPU
		{B84584FE-A9C8-4042-9E85-DBCFFC43995C}.Release|Any CPU.ActiveCfg = Release|Any CPU
		{B84584FE-A9C8-4042-9E85-DBCFFC43995C}.Release|Any CPU.Build.0 = Release|Any CPU
		{B84584FE-A9C8-4042-9E85-DBCFFC43995C}.Release|Any CPU.Deploy.0 = Release|Any CPU
		{B84584FE-A9C8-4042-9E85-DBCFFC43995C}.Release|iPhone.ActiveCfg = Release|Any CPU
		{B84584FE-A9C8-4042-9E85-DBCFFC43995C}.Release|iPhone.Build.0 = Release|Any CPU
		{B84584FE-A9C8-4042-9E85-DBCFFC43995C}.Release|iPhone.Deploy.0 = Release|Any CPU
		{B84584FE-A9C8-4042-9E85-DBCFFC43995C}.Release|iPhoneSimulator.ActiveCfg = Release|Any CPU
		{B84584FE-A9C8-4042-9E85-DBCFFC43995C}.Release|iPhoneSimulator.Build.0 = Release|Any CPU
		{B84584FE-A9C8-4042-9E85-DBCFFC43995C}.Release|iPhoneSimulator.Deploy.0 = Release|Any CPU
	EndGlobalSection
	GlobalSection(SolutionProperties) = preSolution
		HideSolutionNode = FALSE
	EndGlobalSection
	GlobalSection(ExtensibilityGlobals) = postSolution
		SolutionGuid = {35EA2D2F-A9CC-4B73-A71E-1A84568D51E1}
	EndGlobalSection
EndGlobal
